
Microsoft Visual Studio Solution File, Format Version 12.00
# Visual Studio Version 17
VisualStudioVersion = 17.12.35309.182
MinimumVisualStudioVersion = 10.0.40219.1
Project("{FAE04EC0-301F-11D3-BF4B-00C04F79EFBC}") = "QuickSchedulerApp", "QuickSchedulerApp\QuickSchedulerApp.csproj", "{EA8D3862-CC40-4770-8416-715FE62BF27B}"
EndProject
Global
	GlobalSection(SolutionConfigurationPlatforms) = preSolution
		Debug|Any CPU = Debug|Any CPU
		Release|Any CPU = Release|Any CPU
	EndGlobalSection
	GlobalSection(ProjectConfigurationPlatforms) = postSolution
		{EA8D3862-CC40-4770-8416-715FE62BF27B}.Debug|Any CPU.ActiveCfg = Debug|Any CPU
		{EA8D3862-CC40-4770-8416-715FE62BF27B}.Debug|Any CPU.Build.0 = Debug|Any CPU
		{EA8D3862-CC40-4770-8416-715FE62BF27B}.Release|Any CPU.ActiveCfg = Release|Any CPU
		{EA8D3862-CC40-4770-8416-715FE62BF27B}.Release|Any CPU.Build.0 = Release|Any CPU
	EndGlobalSection
	GlobalSection(SolutionProperties) = preSolution
		HideSolutionNode = FALSE
	EndGlobalSection
	GlobalSection(ExtensibilityGlobals) = postSolution
		SolutionGuid = {6B7BB1B9-C1C7-4E2A-B766-9EEF34EC991F}
	EndGlobalSection
EndGlobal
